{
  "name": "react-google-pay-button",
  "version": "1.0.0",
  "lockfileVersion": 1,
  "requires": true,
  "dependencies": {
    "@types/estree": {
      "version": "0.0.39",
      "resolved": "https://registry.npmjs.org/@types/estree/-/estree-0.0.39.tgz",
      "integrity": "sha512-EYNwp3bU+98cpU4lAWYYL7Zz+2gryWH1qbdDTidVd6hkiR6weksdbMadyXKXNPEkQFhXM+hVO9ZygomHXp+AIw==",
      "dev": true
    },
    "@types/googlepay": {
      "version": "0.2.3",
      "resolved": "https://registry.npmjs.org/@types/googlepay/-/googlepay-0.2.3.tgz",
      "integrity": "sha512-ALsjhLykvEpvlfgmmZIrwuw0fAeJxtumHJMqFmSCpZELkD1bhFPD4eIK47WEbCgN4iCDIZ5BCeER7AEXEhf6jQ==",
      "dev": true
    },
    "@types/node": {
      "version": "12.12.11",
      "resolved": "https://registry.npmjs.org/@types/node/-/node-12.12.11.tgz",
      "integrity": "sha512-O+x6uIpa6oMNTkPuHDa9MhMMehlxLAd5QcOvKRjAFsBVpeFWTOPnXbDvILvFgFFZfQ1xh1EZi1FbXxUix+zpsQ==",
      "dev": true
    },
    "@types/prop-types": {
      "version": "15.7.3",
      "resolved": "https://registry.npmjs.org/@types/prop-types/-/prop-types-15.7.3.tgz",
      "integrity": "sha512-KfRL3PuHmqQLOG+2tGpRO26Ctg+Cq1E01D2DMriKEATHgWLfeNDmq9e29Q9WIky0dQ3NPkd1mzYH8Lm936Z9qw==",
      "dev": true
    },
    "@types/react": {
      "version": "16.9.11",
      "resolved": "https://registry.npmjs.org/@types/react/-/react-16.9.11.tgz",
      "integrity": "sha512-UBT4GZ3PokTXSWmdgC/GeCGEJXE5ofWyibCcecRLUVN2ZBpXQGVgQGtG2foS7CrTKFKlQVVswLvf7Js6XA/CVQ==",
      "dev": true,
      "requires": {
        "@types/prop-types": "*",
        "csstype": "^2.2.0"
      }
    },
    "@types/react-dom": {
      "version": "16.9.4",
      "resolved": "https://registry.npmjs.org/@types/react-dom/-/react-dom-16.9.4.tgz",
      "integrity": "sha512-fya9xteU/n90tda0s+FtN5Ym4tbgxpq/hb/Af24dvs6uYnYn+fspaxw5USlw0R8apDNwxsqumdRoCoKitckQqw==",
      "dev": true,
      "requires": {
        "@types/react": "*"
      }
    },
    "acorn": {
      "version": "7.1.0",
      "resolved": "https://registry.npmjs.org/acorn/-/acorn-7.1.0.tgz",
      "integrity": "sha512-kL5CuoXA/dgxlBbVrflsflzQ3PAas7RYZB52NOm/6839iVYJgKMJ3cQJD+t2i5+qFa8h3MDpEOJiS64E8JLnSQ==",
      "dev": true
    },
    "balanced-match": {
      "version": "1.0.0",
      "resolved": "https://registry.npmjs.org/balanced-match/-/balanced-match-1.0.0.tgz",
      "integrity": "sha1-ibTRmasr7kneFk6gK4nORi1xt2c=",
      "dev": true
    },
    "brace-expansion": {
      "version": "1.1.11",
      "resolved": "https://registry.npmjs.org/brace-expansion/-/brace-expansion-1.1.11.tgz",
      "integrity": "sha512-iCuPHDFgrHX7H2vEI/5xpz07zSHB00TpugqhmYtVmMO6518mCuRMoOYFldEBl0g187ufozdaHgWKcYFb61qGiA==",
      "dev": true,
      "requires": {
        "balanced-match": "^1.0.0",
        "concat-map": "0.0.1"
      }
    },
    "commondir": {
      "version": "1.0.1",
      "resolved": "https://registry.npmjs.org/commondir/-/commondir-1.0.1.tgz",
      "integrity": "sha1-3dgA2gxmEnOTzKWVDqloo6rxJTs=",
      "dev": true
    },
    "concat-map": {
      "version": "0.0.1",
      "resolved": "https://registry.npmjs.org/concat-map/-/concat-map-0.0.1.tgz",
      "integrity": "sha1-2Klr13/Wjfd5OnMDajug1UBdR3s=",
      "dev": true
    },
    "csstype": {
      "version": "2.6.7",
      "resolved": "https://registry.npmjs.org/csstype/-/csstype-2.6.7.tgz",
      "integrity": "sha512-9Mcn9sFbGBAdmimWb2gLVDtFJzeKtDGIr76TUqmjZrw9LFXBMSU70lcs+C0/7fyCd6iBDqmksUcCOUIkisPHsQ==",
      "dev": true
    },
    "estree-walker": {
      "version": "0.6.1",
      "resolved": "https://registry.npmjs.org/estree-walker/-/estree-walker-0.6.1.tgz",
      "integrity": "sha512-SqmZANLWS0mnatqbSfRP5g8OXZC12Fgg1IwNtLsyHDzJizORW4khDfjPqJZsemPWBB2uqykUah5YpQ6epsqC/w==",
      "dev": true
    },
    "find-cache-dir": {
      "version": "3.1.0",
      "resolved": "https://registry.npmjs.org/find-cache-dir/-/find-cache-dir-3.1.0.tgz",
      "integrity": "sha512-zw+EFiNBNPgI2NTrKkDd1xd7q0cs6wr/iWnr/oUkI0yF9K9GqQ+riIt4aiyFaaqpaWbxPrJXHI+QvmNUQbX+0Q==",
      "dev": true,
      "requires": {
        "commondir": "^1.0.1",
        "make-dir": "^3.0.0",
        "pkg-dir": "^4.1.0"
      }
    },
    "find-up": {
      "version": "4.1.0",
      "resolved": "https://registry.npmjs.org/find-up/-/find-up-4.1.0.tgz",
      "integrity": "sha512-PpOwAdQ/YlXQ2vj8a3h8IipDuYRi3wceVQQGYWxNINccq40Anw7BlsEXCMbt1Zt+OLA6Fq9suIpIWD0OsnISlw==",
      "dev": true,
      "requires": {
        "locate-path": "^5.0.0",
        "path-exists": "^4.0.0"
      }
    },
    "fs-extra": {
      "version": "8.1.0",
      "resolved": "https://registry.npmjs.org/fs-extra/-/fs-extra-8.1.0.tgz",
      "integrity": "sha512-yhlQgA6mnOJUKOsRUFsgJdQCvkKhcz8tlZG5HBQfReYZy46OwLcY+Zia0mtdHsOo9y/hP+CxMN0TU9QxoOtG4g==",
      "dev": true,
      "requires": {
        "graceful-fs": "^4.2.0",
        "jsonfile": "^4.0.0",
        "universalify": "^0.1.0"
      }
    },
    "fs.realpath": {
      "version": "1.0.0",
      "resolved": "https://registry.npmjs.org/fs.realpath/-/fs.realpath-1.0.0.tgz",
      "integrity": "sha1-FQStJSMVjKpA20onh8sBQRmU6k8=",
      "dev": true
    },
    "glob": {
      "version": "7.1.6",
      "resolved": "https://registry.npmjs.org/glob/-/glob-7.1.6.tgz",
      "integrity": "sha512-LwaxwyZ72Lk7vZINtNNrywX0ZuLyStrdDtabefZKAY5ZGJhVtgdznluResxNmPitE0SAO+O26sWTHeKSI2wMBA==",
      "dev": true,
      "requires": {
        "fs.realpath": "^1.0.0",
        "inflight": "^1.0.4",
        "inherits": "2",
        "minimatch": "^3.0.4",
        "once": "^1.3.0",
        "path-is-absolute": "^1.0.0"
      }
    },
    "graceful-fs": {
      "version": "4.2.3",
      "resolved": "https://registry.npmjs.org/graceful-fs/-/graceful-fs-4.2.3.tgz",
      "integrity": "sha512-a30VEBm4PEdx1dRB7MFK7BejejvCvBronbLjht+sHuGYj8PHs7M/5Z+rt5lw551vZ7yfTCj4Vuyy3mSJytDWRQ==",
      "dev": true
    },
    "inflight": {
      "version": "1.0.6",
      "resolved": "https://registry.npmjs.org/inflight/-/inflight-1.0.6.tgz",
      "integrity": "sha1-Sb1jMdfQLQwJvJEKEHW6gWW1bfk=",
      "dev": true,
      "requires": {
        "once": "^1.3.0",
        "wrappy": "1"
      }
    },
    "inherits": {
      "version": "2.0.4",
      "resolved": "https://registry.npmjs.org/inherits/-/inherits-2.0.4.tgz",
      "integrity": "sha512-k/vGaX4/Yla3WzyMCvTQOXYeIHvqOKtnqBduzTHpzpQZzAskKMhZ2K+EnBiSM9zGSoIFeMpXKxa4dYeZIQqewQ==",
      "dev": true
    },
    "js-tokens": {
      "version": "4.0.0",
      "resolved": "https://registry.npmjs.org/js-tokens/-/js-tokens-4.0.0.tgz",
      "integrity": "sha512-RdJUflcE3cUzKiMqQgsCu06FPu9UdIJO0beYbPhHN4k6apgJtifcoCtT9bcxOpYBtpD2kCM6Sbzg4CausW/PKQ=="
    },
    "jsonfile": {
      "version": "4.0.0",
      "resolved": "https://registry.npmjs.org/jsonfile/-/jsonfile-4.0.0.tgz",
      "integrity": "sha1-h3Gq4HmbZAdrdmQPygWPnBDjPss=",
      "dev": true,
      "requires": {
        "graceful-fs": "^4.1.6"
      }
    },
    "locate-path": {
      "version": "5.0.0",
      "resolved": "https://registry.npmjs.org/locate-path/-/locate-path-5.0.0.tgz",
      "integrity": "sha512-t7hw9pI+WvuwNJXwk5zVHpyhIqzg2qTlklJOf0mVxGSbe3Fp2VieZcduNYjaLDoy6p9uGpQEGWG87WpMKlNq8g==",
      "dev": true,
      "requires": {
        "p-locate": "^4.1.0"
      }
    },
    "loose-envify": {
      "version": "1.4.0",
      "resolved": "https://registry.npmjs.org/loose-envify/-/loose-envify-1.4.0.tgz",
      "integrity": "sha512-lyuxPGr/Wfhrlem2CL/UcnUc1zcqKAImBDzukY7Y5F/yQiNdko6+fRLevlw1HgMySw7f611UIY408EtxRSoK3Q==",
      "requires": {
        "js-tokens": "^3.0.0 || ^4.0.0"
      }
    },
    "make-dir": {
      "version": "3.0.0",
      "resolved": "https://registry.npmjs.org/make-dir/-/make-dir-3.0.0.tgz",
      "integrity": "sha512-grNJDhb8b1Jm1qeqW5R/O63wUo4UXo2v2HMic6YT9i/HBlF93S8jkMgH7yugvY9ABDShH4VZMn8I+U8+fCNegw==",
      "dev": true,
      "requires": {
        "semver": "^6.0.0"
      }
    },
    "minimatch": {
      "version": "3.0.4",
      "resolved": "https://registry.npmjs.org/minimatch/-/minimatch-3.0.4.tgz",
      "integrity": "sha512-yJHVQEhyqPLUTgt9B83PXu6W3rx4MvvHvSUvToogpwoGDOUQ+yDrR0HRot+yOCdCO7u4hX3pWft6kWBBcqh0UA==",
      "dev": true,
      "requires": {
        "brace-expansion": "^1.1.7"
      }
    },
    "object-assign": {
      "version": "4.1.1",
      "resolved": "https://registry.npmjs.org/object-assign/-/object-assign-4.1.1.tgz",
      "integrity": "sha1-IQmtx5ZYh8/AXLvUQsrIv7s2CGM="
    },
    "once": {
      "version": "1.4.0",
      "resolved": "https://registry.npmjs.org/once/-/once-1.4.0.tgz",
      "integrity": "sha1-WDsap3WWHUsROsF9nFC6753Xa9E=",
      "dev": true,
      "requires": {
        "wrappy": "1"
      }
    },
    "p-limit": {
      "version": "2.2.1",
      "resolved": "https://registry.npmjs.org/p-limit/-/p-limit-2.2.1.tgz",
      "integrity": "sha512-85Tk+90UCVWvbDavCLKPOLC9vvY8OwEX/RtKF+/1OADJMVlFfEHOiMTPVyxg7mk/dKa+ipdHm0OUkTvCpMTuwg==",
      "dev": true,
      "requires": {
        "p-try": "^2.0.0"
      }
    },
    "p-locate": {
      "version": "4.1.0",
      "resolved": "https://registry.npmjs.org/p-locate/-/p-locate-4.1.0.tgz",
      "integrity": "sha512-R79ZZ/0wAxKGu3oYMlz8jy/kbhsNrS7SKZ7PxEHBgJ5+F2mtFW2fK2cOtBh1cHYkQsbzFV7I+EoRKe6Yt0oK7A==",
      "dev": true,
      "requires": {
        "p-limit": "^2.2.0"
      }
    },
    "p-try": {
      "version": "2.2.0",
      "resolved": "https://registry.npmjs.org/p-try/-/p-try-2.2.0.tgz",
      "integrity": "sha512-R4nPAVTAU0B9D35/Gk3uJf/7XYbQcyohSKdvAxIRSNghFl4e71hVoGnBNQz9cWaXxO2I10KTC+3jMdvvoKw6dQ==",
      "dev": true
    },
    "path-exists": {
      "version": "4.0.0",
      "resolved": "https://registry.npmjs.org/path-exists/-/path-exists-4.0.0.tgz",
      "integrity": "sha512-ak9Qy5Q7jYb2Wwcey5Fpvg2KoAc/ZIhLSLOSBmRmygPsGwkVVt0fZa0qrtMz+m6tJTAHfZQ8FnmB4MG4LWy7/w==",
      "dev": true
    },
    "path-is-absolute": {
      "version": "1.0.1",
      "resolved": "https://registry.npmjs.org/path-is-absolute/-/path-is-absolute-1.0.1.tgz",
      "integrity": "sha1-F0uSaHNVNP+8es5r9TpanhtcX18=",
      "dev": true
    },
    "path-parse": {
      "version": "1.0.6",
      "resolved": "https://registry.npmjs.org/path-parse/-/path-parse-1.0.6.tgz",
      "integrity": "sha512-GSmOT2EbHrINBf9SR7CDELwlJ8AENk3Qn7OikK4nFYAu3Ote2+JYNVvkpAEQm3/TLNEJFD/xZJjzyxg3KBWOzw==",
      "dev": true
    },
    "pkg-dir": {
      "version": "4.2.0",
      "resolved": "https://registry.npmjs.org/pkg-dir/-/pkg-dir-4.2.0.tgz",
      "integrity": "sha512-HRDzbaKjC+AOWVXxAU/x54COGeIv9eb+6CkDSQoNTt4XyWoIJvuPsXizxu/Fr23EiekbtZwmh1IcIG/l/a10GQ==",
      "dev": true,
      "requires": {
        "find-up": "^4.0.0"
      }
    },
    "prop-types": {
      "version": "15.7.2",
      "resolved": "https://registry.npmjs.org/prop-types/-/prop-types-15.7.2.tgz",
      "integrity": "sha512-8QQikdH7//R2vurIJSutZ1smHYTcLpRWEOlHnzcWHmBYrOGUysKwSsrC89BCiFj3CbrfJ/nXFdJepOVrY1GCHQ==",
      "requires": {
        "loose-envify": "^1.4.0",
        "object-assign": "^4.1.1",
        "react-is": "^16.8.1"
      }
    },
    "react": {
      "version": "16.12.0",
      "resolved": "https://registry.npmjs.org/react/-/react-16.12.0.tgz",
      "integrity": "sha512-fglqy3k5E+81pA8s+7K0/T3DBCF0ZDOher1elBFzF7O6arXJgzyu/FW+COxFvAWXJoJN9KIZbT2LXlukwphYTA==",
      "requires": {
        "loose-envify": "^1.1.0",
        "object-assign": "^4.1.1",
        "prop-types": "^15.6.2"
      }
    },
    "react-dom": {
      "version": "16.12.0",
      "resolved": "https://registry.npmjs.org/react-dom/-/react-dom-16.12.0.tgz",
      "integrity": "sha512-LMxFfAGrcS3kETtQaCkTKjMiifahaMySFDn71fZUNpPHZQEzmk/GiAeIT8JSOrHB23fnuCOMruL2a8NYlw+8Gw==",
      "requires": {
        "loose-envify": "^1.1.0",
        "object-assign": "^4.1.1",
        "prop-types": "^15.6.2",
        "scheduler": "^0.18.0"
      }
    },
    "react-is": {
      "version": "16.12.0",
      "resolved": "https://registry.npmjs.org/react-is/-/react-is-16.12.0.tgz",
      "integrity": "sha512-rPCkf/mWBtKc97aLL9/txD8DZdemK0vkA3JMLShjlJB3Pj3s+lpf1KaBzMfQrAmhMQB0n1cU/SUGgKKBCe837Q=="
    },
    "resolve": {
      "version": "1.12.0",
      "resolved": "https://registry.npmjs.org/resolve/-/resolve-1.12.0.tgz",
      "integrity": "sha512-B/dOmuoAik5bKcD6s6nXDCjzUKnaDvdkRyAk6rsmsKLipWj4797iothd7jmmUhWTfinVMU+wc56rYKsit2Qy4w==",
      "dev": true,
      "requires": {
        "path-parse": "^1.0.6"
      }
    },
    "rimraf": {
      "version": "3.0.0",
      "resolved": "https://registry.npmjs.org/rimraf/-/rimraf-3.0.0.tgz",
      "integrity": "sha512-NDGVxTsjqfunkds7CqsOiEnxln4Bo7Nddl3XhS4pXg5OzwkLqJ971ZVAAnB+DDLnF76N+VnDEiBHaVV8I06SUg==",
      "dev": true,
      "requires": {
        "glob": "^7.1.3"
      }
    },
    "rollup": {
      "version": "1.27.2",
      "resolved": "https://registry.npmjs.org/rollup/-/rollup-1.27.2.tgz",
      "integrity": "sha512-sD3iyd0zlvgK1S3MmICi6F/Y+R/QWY5XxzsTGN4pAd+nCasDUizmAhgq2hdh1t2eLux974NHU2TW41fhuGPv+Q==",
      "dev": true,
      "requires": {
        "@types/estree": "*",
        "@types/node": "*",
        "acorn": "^7.1.0"
      }
    },
    "rollup-plugin-typescript2": {
      "version": "0.25.2",
      "resolved": "https://registry.npmjs.org/rollup-plugin-typescript2/-/rollup-plugin-typescript2-0.25.2.tgz",
      "integrity": "sha512-+tpZj/ZIf2lwjyjX6xEW1S5Y38/21TB3p6poLodISIia8owMMfIKuFFnWcESE4FPBHkR8XPKqjY0PH9IUJJK+Q==",
      "dev": true,
      "requires": {
        "find-cache-dir": "^3.0.0",
        "fs-extra": "8.1.0",
        "resolve": "1.12.0",
        "rollup-pluginutils": "2.8.1",
        "tslib": "1.10.0"
      },
      "dependencies": {
        "rollup-pluginutils": {
          "version": "2.8.1",
          "resolved": "https://registry.npmjs.org/rollup-pluginutils/-/rollup-pluginutils-2.8.1.tgz",
          "integrity": "sha512-J5oAoysWar6GuZo0s+3bZ6sVZAC0pfqKz68De7ZgDi5z63jOVZn1uJL/+z1jeKHNbGII8kAyHF5q8LnxSX5lQg==",
          "dev": true,
          "requires": {
            "estree-walker": "^0.6.1"
          }
        }
      }
    },
    "scheduler": {
      "version": "0.18.0",
      "resolved": "https://registry.npmjs.org/scheduler/-/scheduler-0.18.0.tgz",
      "integrity": "sha512-agTSHR1Nbfi6ulI0kYNK0203joW2Y5W4po4l+v03tOoiJKpTBbxpNhWDvqc/4IcOw+KLmSiQLTasZ4cab2/UWQ==",
      "requires": {
        "loose-envify": "^1.1.0",
        "object-assign": "^4.1.1"
      }
    },
    "semver": {
      "version": "6.3.0",
      "resolved": "https://registry.npmjs.org/semver/-/semver-6.3.0.tgz",
      "integrity": "sha512-b39TBaTSfV6yBrapU89p5fKekE2m/NwnDocOVruQFS1/veMgdzuPcnOM34M6CwxW8jH/lxEa5rBoDeUwu5HHTw==",
      "dev": true
    },
    "tslib": {
      "version": "1.10.0",
      "resolved": "https://registry.npmjs.org/tslib/-/tslib-1.10.0.tgz",
      "integrity": "sha512-qOebF53frne81cf0S9B41ByenJ3/IuH8yJKngAX35CmiZySA0khhkovshKK+jGCaMnVomla7gVlIcc3EvKPbTQ==",
      "dev": true
    },
    "typescript": {
      "version": "3.7.2",
      "resolved": "https://registry.npmjs.org/typescript/-/typescript-3.7.2.tgz",
      "integrity": "sha512-ml7V7JfiN2Xwvcer+XAf2csGO1bPBdRbFCkYBczNZggrBZ9c7G3riSUeJmqEU5uOtXNPMhE3n+R4FA/3YOAWOQ==",
      "dev": true
    },
    "universalify": {
      "version": "0.1.2",
      "resolved": "https://registry.npmjs.org/universalify/-/universalify-0.1.2.tgz",
      "integrity": "sha512-rBJeI5CXAlmy1pV+617WB9J63U6XcazHHF2f2dbJix4XzpUF0RS3Zbj0FGIOCAva5P/d/GBOYaACQ1w+0azUkg==",
      "dev": true
    },
    "wrappy": {
      "version": "1.0.2",
      "resolved": "https://registry.npmjs.org/wrappy/-/wrappy-1.0.2.tgz",
      "integrity": "sha1-tSQ9jz7BqjXxNkYFvA0QNuMKtp8=",
      "dev": true
    }
  }
}
