{
  "name": "@google-pay/button-element",
  "version": "3.2.1",
  "lockfileVersion": 3,
  "requires": true,
  "packages": {
    "": {
      "name": "@google-pay/button-element",
      "version": "3.2.1",
      "license": "Apache-2.0",
      "dependencies": {
        "@types/googlepay": "^0.7.11"
      },
      "engines": {
        "node": ">=8.0.0"
      }
    },
    "node_modules/@types/googlepay": {
      "version": "0.7.11",
      "resolved": "https://registry.npmjs.org/@types/googlepay/-/googlepay-0.7.11.tgz",
      "integrity": "sha512-njLi4oCyqYx4nT1xoZWFDnLtKVbsbZkJTzLO45X5RW3yJTgDFSg2Wj6dnuXx+ZdZa89gBLkfMIbKNnMi5Y2wpw==",
      "license": "MIT"
    }
  }
}
