{
  "name": "@google-pay/button-element",
  "version": "3.0.10",
  "lockfileVersion": 3,
  "requires": true,
  "packages": {
    "": {
      "name": "@google-pay/button-element",
      "version": "3.0.10",
      "license": "Apache-2.0",
      "dependencies": {
        "@types/googlepay": "^0.7.0"
      },
      "engines": {
        "node": ">=8.0.0"
      }
    },
    "node_modules/@types/googlepay": {
      "version": "0.7.6",
      "resolved": "https://registry.npmjs.org/@types/googlepay/-/googlepay-0.7.6.tgz",
      "integrity": "sha512-5003wG+qvf4Ktf1hC9IJuRakNzQov00+Xf09pAWGJLpdOjUrq0SSLCpXX7pwSeTG9r5hrdzq1iFyZcW7WVyr4g=="
    }
  }
}
